PODS:
  - DownPicker (0.1.34)
  - KalturaPlayerSDK (2.3.5)

DEPENDENCIES:
  - DownPicker
  - KalturaPlayerSDK

SPEC CHECKSUMS:
  DownPicker: c00ea63f08ae82116cc93d0eba74e86bf3d4c68e
  KalturaPlayerSDK: fa1f7619cce1e28e02a5c8fc6f00747affce0f4b

PODFILE CHECKSUM: 5d83e3fe0fee99884d43148ac66bf9ecb8d0c8fb

COCOAPODS: 1.0.0
